
Microsoft Visual Studio Solution File, Format Version 12.00
# Visual Studio 15
VisualStudioVersion = 15.0.26730.3
MinimumVisualStudioVersion = 10.0.40219.1
Project("{FAE04EC0-301F-11D3-BF4B-00C04F79EFBC}") = "FastXmlSerialization", "src\FastXmlSerialization\FastXmlSerialization.csproj", "{5DBC43A0-1C9E-4DDE-B1C3-1961DC0BCCC2}"
EndProject
Project("{2150E333-8FDC-42A3-9474-1A3956D46DE8}") = "src", "src", "{E2AA9D3F-2D2E-4128-B7AF-9292436A645F}"
EndProject
Project("{2150E333-8FDC-42A3-9474-1A3956D46DE8}") = "test", "test", "{DCF6B5FF-B94D-45E1-88DD-2797C52B511B}"
EndProject
Project("{FAE04EC0-301F-11D3-BF4B-00C04F79EFBC}") = "FastXmlSerialization.UnitTest", "test\FastXmlSerialization.UnitTest\FastXmlSerialization.UnitTest.csproj", "{FCA54B5F-C565-4815-952D-FEE8989C5FB2}"
EndProject
Global
	GlobalSection(SolutionConfigurationPlatforms) = preSolution
		Debug|Any CPU = Debug|Any CPU
		Release|Any CPU = Release|Any CPU
	EndGlobalSection
	GlobalSection(ProjectConfigurationPlatforms) = postSolution
		{5DBC43A0-1C9E-4DDE-B1C3-1961DC0BCCC2}.Debug|Any CPU.ActiveCfg = Debug|Any CPU
		{5DBC43A0-1C9E-4DDE-B1C3-1961DC0BCCC2}.Debug|Any CPU.Build.0 = Debug|Any CPU
		{5DBC43A0-1C9E-4DDE-B1C3-1961DC0BCCC2}.Release|Any CPU.ActiveCfg = Release|Any CPU
		{5DBC43A0-1C9E-4DDE-B1C3-1961DC0BCCC2}.Release|Any CPU.Build.0 = Release|Any CPU
		{FCA54B5F-C565-4815-952D-FEE8989C5FB2}.Debug|Any CPU.ActiveCfg = Debug|Any CPU
		{FCA54B5F-C565-4815-952D-FEE8989C5FB2}.Debug|Any CPU.Build.0 = Debug|Any CPU
		{FCA54B5F-C565-4815-952D-FEE8989C5FB2}.Release|Any CPU.ActiveCfg = Release|Any CPU
		{FCA54B5F-C565-4815-952D-FEE8989C5FB2}.Release|Any CPU.Build.0 = Release|Any CPU
	EndGlobalSection
	GlobalSection(SolutionProperties) = preSolution
		HideSolutionNode = FALSE
	EndGlobalSection
	GlobalSection(NestedProjects) = preSolution
		{5DBC43A0-1C9E-4DDE-B1C3-1961DC0BCCC2} = {E2AA9D3F-2D2E-4128-B7AF-9292436A645F}
		{FCA54B5F-C565-4815-952D-FEE8989C5FB2} = {DCF6B5FF-B94D-45E1-88DD-2797C52B511B}
	EndGlobalSection
	GlobalSection(ExtensibilityGlobals) = postSolution
		SolutionGuid = {47030D90-D4CF-4641-97EC-391B180CA80D}
	EndGlobalSection
EndGlobal
